
Microsoft Visual Studio Solution File, Format Version 12.00
# Visual Studio Version 17
VisualStudioVersion = 17.2.34031.104
MinimumVisualStudioVersion = 10.0.40219.1
Project("{FAE04EC0-301F-11D3-BF4B-00C04F79EFBC}") = "Aoc23", "Aoc23\Aoc23.csproj", "{66630F74-5DDF-483A-9FD1-E91182175F70}"
EndProject
Global
	GlobalSection(SolutionConfigurationPlatforms) = preSolution
		Debug|Any CPU = Debug|Any CPU
		Release|Any CPU = Release|Any CPU
	EndGlobalSection
	GlobalSection(ProjectConfigurationPlatforms) = postSolution
		{66630F74-5DDF-483A-9FD1-E91182175F70}.Debug|Any CPU.ActiveCfg = Debug|Any CPU
		{66630F74-5DDF-483A-9FD1-E91182175F70}.Debug|Any CPU.Build.0 = Debug|Any CPU
		{66630F74-5DDF-483A-9FD1-E91182175F70}.Release|Any CPU.ActiveCfg = Release|Any CPU
		{66630F74-5DDF-483A-9FD1-E91182175F70}.Release|Any CPU.Build.0 = Release|Any CPU
	EndGlobalSection
	GlobalSection(SolutionProperties) = preSolution
		HideSolutionNode = FALSE
	EndGlobalSection
	GlobalSection(ExtensibilityGlobals) = postSolution
		SolutionGuid = {211D43CC-DDD3-4A74-815D-9D44A904EDD2}
	EndGlobalSection
EndGlobal
